// !$*UTF8*$!
{
	archiveVersion = 1;
	classes = {
	};
	objectVersion = 55;
	objects = {

/* Begin PBXBuildFile section */
		9E0DC88B27BD39FD00433B32 /* CategoryGridView.swift in Sources */ = {isa = PBXBuildFile; fileRef = 9E0DC88A27BD39FD00433B32 /* CategoryGridView.swift */; };
		9E0DC88D27BD3BDE00433B32 /* SectionView.swift in Sources */ = {isa = PBXBuildFile; fileRef = 9E0DC88C27BD3BDE00433B32 /* SectionView.swift */; };
		9E0DC88F27C1A40D00433B32 /* TitleView.swift in Sources */ = {isa = PBXBuildFile; fileRef = 9E0DC88E27C1A40D00433B32 /* TitleView.swift */; };
		9E0DC89127C1A4F500433B32 /* ProductModel.swift in Sources */ = {isa = PBXBuildFile; fileRef = 9E0DC89027C1A4F500433B32 /* ProductModel.swift */; };
		9E0DC89327C1A59600433B32 /* ProductItemView.swift in Sources */ = {isa = PBXBuildFile; fileRef = 9E0DC89227C1A59600433B32 /* ProductItemView.swift */; };
		9E0DC89527C1B7A800433B32 /* Brand.swift in Sources */ = {isa = PBXBuildFile; fileRef = 9E0DC89427C1B7A800433B32 /* Brand.swift */; };
		9E0DC89727C1B80200433B32 /* BrandItemView.swift in Sources */ = {isa = PBXBuildFile; fileRef = 9E0DC89627C1B80200433B32 /* BrandItemView.swift */; };
		9E0DC89927C1B86F00433B32 /* BrandGridView.swift in Sources */ = {isa = PBXBuildFile; fileRef = 9E0DC89827C1B86F00433B32 /* BrandGridView.swift */; };
		9E0DC89B27C1B99500433B32 /* ProductDetailView.swift in Sources */ = {isa = PBXBuildFile; fileRef = 9E0DC89A27C1B99500433B32 /* ProductDetailView.swift */; };
		9E0DC89D27C1BA5800433B32 /* NavigationBarDetailView.swift in Sources */ = {isa = PBXBuildFile; fileRef = 9E0DC89C27C1BA5800433B32 /* NavigationBarDetailView.swift */; };
		9E0DC89F27C1BAE600433B32 /* HeaderDetailView.swift in Sources */ = {isa = PBXBuildFile; fileRef = 9E0DC89E27C1BAE600433B32 /* HeaderDetailView.swift */; };
		9E0DC8A127C1BB7200433B32 /* TopPartDetailView.swift in Sources */ = {isa = PBXBuildFile; fileRef = 9E0DC8A027C1BB7200433B32 /* TopPartDetailView.swift */; };
		9E0DC8A327C2CF8000433B32 /* CustomShape.swift in Sources */ = {isa = PBXBuildFile; fileRef = 9E0DC8A227C2CF8000433B32 /* CustomShape.swift */; };
		9E0DC8A527C2D0E400433B32 /* RatingsSizesDetailView.swift in Sources */ = {isa = PBXBuildFile; fileRef = 9E0DC8A427C2D0E400433B32 /* RatingsSizesDetailView.swift */; };
		9E0DC8A727C2D48E00433B32 /* QuantityFavoriteDetailView.swift in Sources */ = {isa = PBXBuildFile; fileRef = 9E0DC8A627C2D48E00433B32 /* QuantityFavoriteDetailView.swift */; };
		9E0DC8A927C2D74A00433B32 /* AddToCartDetailView.swift in Sources */ = {isa = PBXBuildFile; fileRef = 9E0DC8A827C2D74A00433B32 /* AddToCartDetailView.swift */; };
		9E49BBFB27B53CCD00230F1E /* NavigationBarView.swift in Sources */ = {isa = PBXBuildFile; fileRef = 9E49BBFA27B53CCC00230F1E /* NavigationBarView.swift */; };
		9E49BBFD27B53D9B00230F1E /* LogoView.swift in Sources */ = {isa = PBXBuildFile; fileRef = 9E49BBFC27B53D9B00230F1E /* LogoView.swift */; };
		9E49BBFF27B5445100230F1E /* PlayerModel.swift in Sources */ = {isa = PBXBuildFile; fileRef = 9E49BBFE27B5445100230F1E /* PlayerModel.swift */; };
		9E49BC0127B5449C00230F1E /* Bundle+Decode.swift in Sources */ = {isa = PBXBuildFile; fileRef = 9E49BC0027B5449C00230F1E /* Bundle+Decode.swift */; };
		9E49BC0327B5458D00230F1E /* FeaturedItemView.swift in Sources */ = {isa = PBXBuildFile; fileRef = 9E49BC0227B5458D00230F1E /* FeaturedItemView.swift */; };
		9E49BC0527B5460800230F1E /* FeaturedTabView.swift in Sources */ = {isa = PBXBuildFile; fileRef = 9E49BC0427B5460800230F1E /* FeaturedTabView.swift */; };
		9E59B80727B29DE7001A1697 /* TouchdownApp.swift in Sources */ = {isa = PBXBuildFile; fileRef = 9E59B80627B29DE7001A1697 /* TouchdownApp.swift */; };
		9E59B80927B29DE7001A1697 /* ContentView.swift in Sources */ = {isa = PBXBuildFile; fileRef = 9E59B80827B29DE7001A1697 /* ContentView.swift */; };
		9E59B80B27B29DEC001A1697 /* Assets.xcassets in Resources */ = {isa = PBXBuildFile; fileRef = 9E59B80A27B29DEC001A1697 /* Assets.xcassets */; };
		9E59B80E27B29DEC001A1697 /* Preview Assets.xcassets in Resources */ = {isa = PBXBuildFile; fileRef = 9E59B80D27B29DEC001A1697 /* Preview Assets.xcassets */; };
		9E59B81827B29F98001A1697 /* player.json in Resources */ = {isa = PBXBuildFile; fileRef = 9E59B81427B29F98001A1697 /* player.json */; };
		9E59B81927B29F98001A1697 /* brand.json in Resources */ = {isa = PBXBuildFile; fileRef = 9E59B81527B29F98001A1697 /* brand.json */; };
		9E59B81A27B29F98001A1697 /* product.json in Resources */ = {isa = PBXBuildFile; fileRef = 9E59B81627B29F98001A1697 /* product.json */; };
		9E59B81B27B29F98001A1697 /* category.json in Resources */ = {isa = PBXBuildFile; fileRef = 9E59B81727B29F98001A1697 /* category.json */; };
		9E59B82727B2A091001A1697 /* Contants.swift in Sources */ = {isa = PBXBuildFile; fileRef = 9E59B82627B2A091001A1697 /* Contants.swift */; };
		9E59B82927B2A18B001A1697 /* FooterView.swift in Sources */ = {isa = PBXBuildFile; fileRef = 9E59B82827B2A18B001A1697 /* FooterView.swift */; };
		9EE9847727BD37DA008B6D9B /* CategoryModel.swift in Sources */ = {isa = PBXBuildFile; fileRef = 9EE9847627BD37DA008B6D9B /* CategoryModel.swift */; };
		9EE9847927BD3890008B6D9B /* CategoryItemView.swift in Sources */ = {isa = PBXBuildFile; fileRef = 9EE9847827BD3890008B6D9B /* CategoryItemView.swift */; };
/* End PBXBuildFile section */

/* Begin PBXFileReference section */
		9E0DC88A27BD39FD00433B32 /* CategoryGridView.swift */ = {isa = PBXFileReference; lastKnownFileType = sourcecode.swift; path = CategoryGridView.swift; sourceTree = "<group>"; };
		9E0DC88C27BD3BDE00433B32 /* SectionView.swift */ = {isa = PBXFileReference; lastKnownFileType = sourcecode.swift; path = SectionView.swift; sourceTree = "<group>"; };
		9E0DC88E27C1A40D00433B32 /* TitleView.swift */ = {isa = PBXFileReference; lastKnownFileType = sourcecode.swift; path = TitleView.swift; sourceTree = "<group>"; };
		9E0DC89027C1A4F500433B32 /* ProductModel.swift */ = {isa = PBXFileReference; lastKnownFileType = sourcecode.swift; path = ProductModel.swift; sourceTree = "<group>"; };
		9E0DC89227C1A59600433B32 /* ProductItemView.swift */ = {isa = PBXFileReference; lastKnownFileType = sourcecode.swift; path = ProductItemView.swift; sourceTree = "<group>"; };
		9E0DC89427C1B7A800433B32 /* Brand.swift */ = {isa = PBXFileReference; lastKnownFileType = sourcecode.swift; path = Brand.swift; sourceTree = "<group>"; };
		9E0DC89627C1B80200433B32 /* BrandItemView.swift */ = {isa = PBXFileReference; lastKnownFileType = sourcecode.swift; path = BrandItemView.swift; sourceTree = "<group>"; };
		9E0DC89827C1B86F00433B32 /* BrandGridView.swift */ = {isa = PBXFileReference; lastKnownFileType = sourcecode.swift; path = BrandGridView.swift; sourceTree = "<group>"; };
		9E0DC89A27C1B99500433B32 /* ProductDetailView.swift */ = {isa = PBXFileReference; lastKnownFileType = sourcecode.swift; path = ProductDetailView.swift; sourceTree = "<group>"; };
		9E0DC89C27C1BA5800433B32 /* NavigationBarDetailView.swift */ = {isa = PBXFileReference; lastKnownFileType = sourcecode.swift; path = NavigationBarDetailView.swift; sourceTree = "<group>"; };
		9E0DC89E27C1BAE600433B32 /* HeaderDetailView.swift */ = {isa = PBXFileReference; lastKnownFileType = sourcecode.swift; path = HeaderDetailView.swift; sourceTree = "<group>"; };
		9E0DC8A027C1BB7200433B32 /* TopPartDetailView.swift */ = {isa = PBXFileReference; lastKnownFileType = sourcecode.swift; path = TopPartDetailView.swift; sourceTree = "<group>"; };
		9E0DC8A227C2CF8000433B32 /* CustomShape.swift */ = {isa = PBXFileReference; lastKnownFileType = sourcecode.swift; path = CustomShape.swift; sourceTree = "<group>"; };
		9E0DC8A427C2D0E400433B32 /* RatingsSizesDetailView.swift */ = {isa = PBXFileReference; lastKnownFileType = sourcecode.swift; path = RatingsSizesDetailView.swift; sourceTree = "<group>"; };
		9E0DC8A627C2D48E00433B32 /* QuantityFavoriteDetailView.swift */ = {isa = PBXFileReference; lastKnownFileType = sourcecode.swift; path = QuantityFavoriteDetailView.swift; sourceTree = "<group>"; };
		9E0DC8A827C2D74A00433B32 /* AddToCartDetailView.swift */ = {isa = PBXFileReference; lastKnownFileType = sourcecode.swift; path = AddToCartDetailView.swift; sourceTree = "<group>"; };
		9E49BBFA27B53CCC00230F1E /* NavigationBarView.swift */ = {isa = PBXFileReference; lastKnownFileType = sourcecode.swift; path = NavigationBarView.swift; sourceTree = "<group>"; };
		9E49BBFC27B53D9B00230F1E /* LogoView.swift */ = {isa = PBXFileReference; lastKnownFileType = sourcecode.swift; path = LogoView.swift; sourceTree = "<group>"; };
		9E49BBFE27B5445100230F1E /* PlayerModel.swift */ = {isa = PBXFileReference; lastKnownFileType = sourcecode.swift; path = PlayerModel.swift; sourceTree = "<group>"; };
		9E49BC0027B5449C00230F1E /* Bundle+Decode.swift */ = {isa = PBXFileReference; lastKnownFileType = sourcecode.swift; path = "Bundle+Decode.swift"; sourceTree = "<group>"; };
		9E49BC0227B5458D00230F1E /* FeaturedItemView.swift */ = {isa = PBXFileReference; lastKnownFileType = sourcecode.swift; path = FeaturedItemView.swift; sourceTree = "<group>"; };
		9E49BC0427B5460800230F1E /* FeaturedTabView.swift */ = {isa = PBXFileReference; lastKnownFileType = sourcecode.swift; path = FeaturedTabView.swift; sourceTree = "<group>"; };
		9E59B80327B29DE7001A1697 /* Touchdown.app */ = {isa = PBXFileReference; explicitFileType = wrapper.application; includeInIndex = 0; path = Touchdown.app; sourceTree = BUILT_PRODUCTS_DIR; };
		9E59B80627B29DE7001A1697 /* TouchdownApp.swift */ = {isa = PBXFileReference; lastKnownFileType = sourcecode.swift; path = TouchdownApp.swift; sourceTree = "<group>"; };
		9E59B80827B29DE7001A1697 /* ContentView.swift */ = {isa = PBXFileReference; lastKnownFileType = sourcecode.swift; path = ContentView.swift; sourceTree = "<group>"; };
		9E59B80A27B29DEC001A1697 /* Assets.xcassets */ = {isa = PBXFileReference; lastKnownFileType = folder.assetcatalog; path = Assets.xcassets; sourceTree = "<group>"; };
		9E59B80D27B29DEC001A1697 /* Preview Assets.xcassets */ = {isa = PBXFileReference; lastKnownFileType = folder.assetcatalog; path = "Preview Assets.xcassets"; sourceTree = "<group>"; };
		9E59B81427B29F98001A1697 /* player.json */ = {isa = PBXFileReference; fileEncoding = 4; lastKnownFileType = text.json; path = player.json; sourceTree = "<group>"; };
		9E59B81527B29F98001A1697 /* brand.json */ = {isa = PBXFileReference; fileEncoding = 4; lastKnownFileType = text.json; path = brand.json; sourceTree = "<group>"; };
		9E59B81627B29F98001A1697 /* product.json */ = {isa = PBXFileReference; fileEncoding = 4; lastKnownFileType = text.json; path = product.json; sourceTree = "<group>"; };
		9E59B81727B29F98001A1697 /* category.json */ = {isa = PBXFileReference; fileEncoding = 4; lastKnownFileType = text.json; path = category.json; sourceTree = "<group>"; };
		9E59B81D27B29FDA001A1697 /* Info.plist */ = {isa = PBXFileReference; lastKnownFileType = text.plist; path = Info.plist; sourceTree = "<group>"; };
		9E59B82627B2A091001A1697 /* Contants.swift */ = {isa = PBXFileReference; lastKnownFileType = sourcecode.swift; path = Contants.swift; sourceTree = "<group>"; };
		9E59B82827B2A18B001A1697 /* FooterView.swift */ = {isa = PBXFileReference; lastKnownFileType = sourcecode.swift; path = FooterView.swift; sourceTree = "<group>"; };
		9EE9847627BD37DA008B6D9B /* CategoryModel.swift */ = {isa = PBXFileReference; lastKnownFileType = sourcecode.swift; path = CategoryModel.swift; sourceTree = "<group>"; };
		9EE9847827BD3890008B6D9B /* CategoryItemView.swift */ = {isa = PBXFileReference; lastKnownFileType = sourcecode.swift; path = CategoryItemView.swift; sourceTree = "<group>"; };
/* End PBXFileReference section */

/* Begin PBXFrameworksBuildPhase section */
		9E59B80027B29DE7001A1697 /* Frameworks */ = {
			isa = PBXFrameworksBuildPhase;
			buildActionMask = 2147483647;
			files = (
			);
			runOnlyForDeploymentPostprocessing = 0;
		};
/* End PBXFrameworksBuildPhase section */

/* Begin PBXGroup section */
		9E59B7FA27B29DE7001A1697 = {
			isa = PBXGroup;
			children = (
				9E59B80527B29DE7001A1697 /* Touchdown */,
				9E59B80427B29DE7001A1697 /* Products */,
			);
			sourceTree = "<group>";
		};
		9E59B80427B29DE7001A1697 /* Products */ = {
			isa = PBXGroup;
			children = (
				9E59B80327B29DE7001A1697 /* Touchdown.app */,
			);
			name = Products;
			sourceTree = "<group>";
		};
		9E59B80527B29DE7001A1697 /* Touchdown */ = {
			isa = PBXGroup;
			children = (
				9E59B81E27B2A01F001A1697 /* App */,
				9E59B82327B2A043001A1697 /* View */,
				9E59B82027B2A02F001A1697 /* Model */,
				9E59B82127B2A035001A1697 /* Extension */,
				9E59B82227B2A038001A1697 /* Utility */,
				9E59B81C27B29FB0001A1697 /* Resources */,
				9E59B81D27B29FDA001A1697 /* Info.plist */,
				9E59B80A27B29DEC001A1697 /* Assets.xcassets */,
				9E59B80C27B29DEC001A1697 /* Preview Content */,
			);
			path = Touchdown;
			sourceTree = "<group>";
		};
		9E59B80C27B29DEC001A1697 /* Preview Content */ = {
			isa = PBXGroup;
			children = (
				9E59B80D27B29DEC001A1697 /* Preview Assets.xcassets */,
			);
			path = "Preview Content";
			sourceTree = "<group>";
		};
		9E59B81C27B29FB0001A1697 /* Resources */ = {
			isa = PBXGroup;
			children = (
				9E59B81527B29F98001A1697 /* brand.json */,
				9E59B81727B29F98001A1697 /* category.json */,
				9E59B81427B29F98001A1697 /* player.json */,
				9E59B81627B29F98001A1697 /* product.json */,
			);
			path = Resources;
			sourceTree = "<group>";
		};
		9E59B81E27B2A01F001A1697 /* App */ = {
			isa = PBXGroup;
			children = (
				9E59B80627B29DE7001A1697 /* TouchdownApp.swift */,
				9E59B80827B29DE7001A1697 /* ContentView.swift */,
				9E0DC89A27C1B99500433B32 /* ProductDetailView.swift */,
			);
			path = App;
			sourceTree = "<group>";
		};
		9E59B82027B2A02F001A1697 /* Model */ = {
			isa = PBXGroup;
			children = (
				9E49BBFE27B5445100230F1E /* PlayerModel.swift */,
				9EE9847627BD37DA008B6D9B /* CategoryModel.swift */,
				9E0DC89027C1A4F500433B32 /* ProductModel.swift */,
				9E0DC89427C1B7A800433B32 /* Brand.swift */,
			);
			path = Model;
			sourceTree = "<group>";
		};
		9E59B82127B2A035001A1697 /* Extension */ = {
			isa = PBXGroup;
			children = (
				9E49BC0027B5449C00230F1E /* Bundle+Decode.swift */,
			);
			path = Extension;
			sourceTree = "<group>";
		};
		9E59B82227B2A038001A1697 /* Utility */ = {
			isa = PBXGroup;
			children = (
				9E59B82627B2A091001A1697 /* Contants.swift */,
				9E0DC8A227C2CF8000433B32 /* CustomShape.swift */,
			);
			path = Utility;
			sourceTree = "<group>";
		};
		9E59B82327B2A043001A1697 /* View */ = {
			isa = PBXGroup;
			children = (
				9E59B82527B2A04A001A1697 /* Home */,
				9E59B82427B2A046001A1697 /* Detail */,
			);
			path = View;
			sourceTree = "<group>";
		};
		9E59B82427B2A046001A1697 /* Detail */ = {
			isa = PBXGroup;
			children = (
				9E0DC89C27C1BA5800433B32 /* NavigationBarDetailView.swift */,
				9E0DC89E27C1BAE600433B32 /* HeaderDetailView.swift */,
				9E0DC8A027C1BB7200433B32 /* TopPartDetailView.swift */,
				9E0DC8A427C2D0E400433B32 /* RatingsSizesDetailView.swift */,
				9E0DC8A627C2D48E00433B32 /* QuantityFavoriteDetailView.swift */,
				9E0DC8A827C2D74A00433B32 /* AddToCartDetailView.swift */,
			);
			path = Detail;
			sourceTree = "<group>";
		};
		9E59B82527B2A04A001A1697 /* Home */ = {
			isa = PBXGroup;
			children = (
				9E59B82827B2A18B001A1697 /* FooterView.swift */,
				9E49BBFA27B53CCC00230F1E /* NavigationBarView.swift */,
				9E49BBFC27B53D9B00230F1E /* LogoView.swift */,
				9E49BC0227B5458D00230F1E /* FeaturedItemView.swift */,
				9E49BC0427B5460800230F1E /* FeaturedTabView.swift */,
				9EE9847827BD3890008B6D9B /* CategoryItemView.swift */,
				9E0DC88A27BD39FD00433B32 /* CategoryGridView.swift */,
				9E0DC88C27BD3BDE00433B32 /* SectionView.swift */,
				9E0DC88E27C1A40D00433B32 /* TitleView.swift */,
				9E0DC89227C1A59600433B32 /* ProductItemView.swift */,
				9E0DC89627C1B80200433B32 /* BrandItemView.swift */,
				9E0DC89827C1B86F00433B32 /* BrandGridView.swift */,
			);
			path = Home;
			sourceTree = "<group>";
		};
/* End PBXGroup section */

/* Begin PBXNativeTarget section */
		9E59B80227B29DE7001A1697 /* Touchdown */ = {
			isa = PBXNativeTarget;
			buildConfigurationList = 9E59B81127B29DEC001A1697 /* Build configuration list for PBXNativeTarget "Touchdown" */;
			buildPhases = (
				9E59B7FF27B29DE7001A1697 /* Sources */,
				9E59B80027B29DE7001A1697 /* Frameworks */,
				9E59B80127B29DE7001A1697 /* Resources */,
			);
			buildRules = (
			);
			dependencies = (
			);
			name = Touchdown;
			productName = Touchdown;
			productReference = 9E59B80327B29DE7001A1697 /* Touchdown.app */;
			productType = "com.apple.product-type.application";
		};
/* End PBXNativeTarget section */

/* Begin PBXProject section */
		9E59B7FB27B29DE7001A1697 /* Project object */ = {
			isa = PBXProject;
			attributes = {
				BuildIndependentTargetsInParallel = 1;
				LastSwiftUpdateCheck = 1310;
				LastUpgradeCheck = 1310;
				TargetAttributes = {
					9E59B80227B29DE7001A1697 = {
						CreatedOnToolsVersion = 13.1;
					};
				};
			};
			buildConfigurationList = 9E59B7FE27B29DE7001A1697 /* Build configuration list for PBXProject "Touchdown" */;
			compatibilityVersion = "Xcode 13.0";
			developmentRegion = en;
			hasScannedForEncodings = 0;
			knownRegions = (
				en,
				Base,
			);
			mainGroup = 9E59B7FA27B29DE7001A1697;
			productRefGroup = 9E59B80427B29DE7001A1697 /* Products */;
			projectDirPath = "";
			projectRoot = "";
			targets = (
				9E59B80227B29DE7001A1697 /* Touchdown */,
			);
		};
/* End PBXProject section */

/* Begin PBXResourcesBuildPhase section */
		9E59B80127B29DE7001A1697 /* Resources */ = {
			isa = PBXResourcesBuildPhase;
			buildActionMask = 2147483647;
			files = (
				9E59B81827B29F98001A1697 /* player.json in Resources */,
				9E59B81927B29F98001A1697 /* brand.json in Resources */,
				9E59B80E27B29DEC001A1697 /* Preview Assets.xcassets in Resources */,
				9E59B81B27B29F98001A1697 /* category.json in Resources */,
				9E59B80B27B29DEC001A1697 /* Assets.xcassets in Resources */,
				9E59B81A27B29F98001A1697 /* product.json in Resources */,
			);
			runOnlyForDeploymentPostprocessing = 0;
		};
/* End PBXResourcesBuildPhase section */

/* Begin PBXSourcesBuildPhase section */
		9E59B7FF27B29DE7001A1697 /* Sources */ = {
			isa = PBXSourcesBuildPhase;
			buildActionMask = 2147483647;
			files = (
				9E59B80927B29DE7001A1697 /* ContentView.swift in Sources */,
				9E0DC89F27C1BAE600433B32 /* HeaderDetailView.swift in Sources */,
				9E0DC8A127C1BB7200433B32 /* TopPartDetailView.swift in Sources */,
				9E49BBFD27B53D9B00230F1E /* LogoView.swift in Sources */,
				9E0DC8A727C2D48E00433B32 /* QuantityFavoriteDetailView.swift in Sources */,
				9E59B82927B2A18B001A1697 /* FooterView.swift in Sources */,
				9E59B80727B29DE7001A1697 /* TouchdownApp.swift in Sources */,
				9E49BC0327B5458D00230F1E /* FeaturedItemView.swift in Sources */,
				9E0DC8A927C2D74A00433B32 /* AddToCartDetailView.swift in Sources */,
				9E0DC89327C1A59600433B32 /* ProductItemView.swift in Sources */,
				9E0DC89927C1B86F00433B32 /* BrandGridView.swift in Sources */,
				9E0DC8A527C2D0E400433B32 /* RatingsSizesDetailView.swift in Sources */,
				9E59B82727B2A091001A1697 /* Contants.swift in Sources */,
				9E0DC89B27C1B99500433B32 /* ProductDetailView.swift in Sources */,
				9E0DC89D27C1BA5800433B32 /* NavigationBarDetailView.swift in Sources */,
				9E49BBFB27B53CCD00230F1E /* NavigationBarView.swift in Sources */,
				9E0DC88B27BD39FD00433B32 /* CategoryGridView.swift in Sources */,
				9EE9847727BD37DA008B6D9B /* CategoryModel.swift in Sources */,
				9E49BBFF27B5445100230F1E /* PlayerModel.swift in Sources */,
				9E0DC88D27BD3BDE00433B32 /* SectionView.swift in Sources */,
				9E0DC89727C1B80200433B32 /* BrandItemView.swift in Sources */,
				9EE9847927BD3890008B6D9B /* CategoryItemView.swift in Sources */,
				9E49BC0527B5460800230F1E /* FeaturedTabView.swift in Sources */,
				9E0DC8A327C2CF8000433B32 /* CustomShape.swift in Sources */,
				9E49BC0127B5449C00230F1E /* Bundle+Decode.swift in Sources */,
				9E0DC89527C1B7A800433B32 /* Brand.swift in Sources */,
				9E0DC88F27C1A40D00433B32 /* TitleView.swift in Sources */,
				9E0DC89127C1A4F500433B32 /* ProductModel.swift in Sources */,
			);
			runOnlyForDeploymentPostprocessing = 0;
		};
/* End PBXSourcesBuildPhase section */

/* Begin XCBuildConfiguration section */
		9E59B80F27B29DEC001A1697 /* Debug */ = {
			isa = XCBuildConfiguration;
			buildSettings = {
				ALWAYS_SEARCH_USER_PATHS = NO;
				CLANG_ANALYZER_NONNULL = YES;
				CLANG_ANALYZER_NUMBER_OBJECT_CONVERSION = YES_AGGRESSIVE;
				CLANG_CXX_LANGUAGE_STANDARD = "gnu++17";
				CLANG_CXX_LIBRARY = "libc++";
				CLANG_ENABLE_MODULES = YES;
				CLANG_ENABLE_OBJC_ARC = YES;
				CLANG_ENABLE_OBJC_WEAK = YES;
				CLANG_WARN_BLOCK_CAPTURE_AUTORELEASING = YES;
				CLANG_WARN_BOOL_CONVERSION = YES;
				CLANG_WARN_COMMA = YES;
				CLANG_WARN_CONSTANT_CONVERSION = YES;
				CLANG_WARN_DEPRECATED_OBJC_IMPLEMENTATIONS = YES;
				CLANG_WARN_DIRECT_OBJC_ISA_USAGE = YES_ERROR;
				CLANG_WARN_DOCUMENTATION_COMMENTS = YES;
				CLANG_WARN_EMPTY_BODY = YES;
				CLANG_WARN_ENUM_CONVERSION = YES;
				CLANG_WARN_INFINITE_RECURSION = YES;
				CLANG_WARN_INT_CONVERSION = YES;
				CLANG_WARN_NON_LITERAL_NULL_CONVERSION = YES;
				CLANG_WARN_OBJC_IMPLICIT_RETAIN_SELF = YES;
				CLANG_WARN_OBJC_LITERAL_CONVERSION = YES;
				CLANG_WARN_OBJC_ROOT_CLASS = YES_ERROR;
				CLANG_WARN_QUOTED_INCLUDE_IN_FRAMEWORK_HEADER = YES;
				CLANG_WARN_RANGE_LOOP_ANALYSIS = YES;
				CLANG_WARN_STRICT_PROTOTYPES = YES;
				CLANG_WARN_SUSPICIOUS_MOVE = YES;
				CLANG_WARN_UNGUARDED_AVAILABILITY = YES_AGGRESSIVE;
				CLANG_WARN_UNREACHABLE_CODE = YES;
				CLANG_WARN__DUPLICATE_METHOD_MATCH = YES;
				COPY_PHASE_STRIP = NO;
				DEBUG_INFORMATION_FORMAT = dwarf;
				ENABLE_STRICT_OBJC_MSGSEND = YES;
				ENABLE_TESTABILITY = YES;
				GCC_C_LANGUAGE_STANDARD = gnu11;
				GCC_DYNAMIC_NO_PIC = NO;
				GCC_NO_COMMON_BLOCKS = YES;
				GCC_OPTIMIZATION_LEVEL = 0;
				GCC_PREPROCESSOR_DEFINITIONS = (
					"DEBUG=1",
					"$(inherited)",
				);
				GCC_WARN_64_TO_32_BIT_CONVERSION = YES;
				GCC_WARN_ABOUT_RETURN_TYPE = YES_ERROR;
				GCC_WARN_UNDECLARED_SELECTOR = YES;
				GCC_WARN_UNINITIALIZED_AUTOS = YES_AGGRESSIVE;
				GCC_WARN_UNUSED_FUNCTION = YES;
				GCC_WARN_UNUSED_VARIABLE = YES;
				IPHONEOS_DEPLOYMENT_TARGET = 15.0;
				MTL_ENABLE_DEBUG_INFO = INCLUDE_SOURCE;
				MTL_FAST_MATH = YES;
				ONLY_ACTIVE_ARCH = YES;
				SDKROOT = iphoneos;
				SWIFT_ACTIVE_COMPILATION_CONDITIONS = DEBUG;
				SWIFT_OPTIMIZATION_LEVEL = "-Onone";
			};
			name = Debug;
		};
		9E59B81027B29DEC001A1697 /* Release */ = {
			isa = XCBuildConfiguration;
			buildSettings = {
				ALWAYS_SEARCH_USER_PATHS = NO;
				CLANG_ANALYZER_NONNULL = YES;
				CLANG_ANALYZER_NUMBER_OBJECT_CONVERSION = YES_AGGRESSIVE;
				CLANG_CXX_LANGUAGE_STANDARD = "gnu++17";
				CLANG_CXX_LIBRARY = "libc++";
				CLANG_ENABLE_MODULES = YES;
				CLANG_ENABLE_OBJC_ARC = YES;
				CLANG_ENABLE_OBJC_WEAK = YES;
				CLANG_WARN_BLOCK_CAPTURE_AUTORELEASING = YES;
				CLANG_WARN_BOOL_CONVERSION = YES;
				CLANG_WARN_COMMA = YES;
				CLANG_WARN_CONSTANT_CONVERSION = YES;
				CLANG_WARN_DEPRECATED_OBJC_IMPLEMENTATIONS = YES;
				CLANG_WARN_DIRECT_OBJC_ISA_USAGE = YES_ERROR;
				CLANG_WARN_DOCUMENTATION_COMMENTS = YES;
				CLANG_WARN_EMPTY_BODY = YES;
				CLANG_WARN_ENUM_CONVERSION = YES;
				CLANG_WARN_INFINITE_RECURSION = YES;
				CLANG_WARN_INT_CONVERSION = YES;
				CLANG_WARN_NON_LITERAL_NULL_CONVERSION = YES;
				CLANG_WARN_OBJC_IMPLICIT_RETAIN_SELF = YES;
				CLANG_WARN_OBJC_LITERAL_CONVERSION = YES;
				CLANG_WARN_OBJC_ROOT_CLASS = YES_ERROR;
				CLANG_WARN_QUOTED_INCLUDE_IN_FRAMEWORK_HEADER = YES;
				CLANG_WARN_RANGE_LOOP_ANALYSIS = YES;
				CLANG_WARN_STRICT_PROTOTYPES = YES;
				CLANG_WARN_SUSPICIOUS_MOVE = YES;
				CLANG_WARN_UNGUARDED_AVAILABILITY = YES_AGGRESSIVE;
				CLANG_WARN_UNREACHABLE_CODE = YES;
				CLANG_WARN__DUPLICATE_METHOD_MATCH = YES;
				COPY_PHASE_STRIP = NO;
				DEBUG_INFORMATION_FORMAT = "dwarf-with-dsym";
				ENABLE_NS_ASSERTIONS = NO;
				ENABLE_STRICT_OBJC_MSGSEND = YES;
				GCC_C_LANGUAGE_STANDARD = gnu11;
				GCC_NO_COMMON_BLOCKS = YES;
				GCC_WARN_64_TO_32_BIT_CONVERSION = YES;
				GCC_WARN_ABOUT_RETURN_TYPE = YES_ERROR;
				GCC_WARN_UNDECLARED_SELECTOR = YES;
				GCC_WARN_UNINITIALIZED_AUTOS = YES_AGGRESSIVE;
				GCC_WARN_UNUSED_FUNCTION = YES;
				GCC_WARN_UNUSED_VARIABLE = YES;
				IPHONEOS_DEPLOYMENT_TARGET = 15.0;
				MTL_ENABLE_DEBUG_INFO = NO;
				MTL_FAST_MATH = YES;
				SDKROOT = iphoneos;
				SWIFT_COMPILATION_MODE = wholemodule;
				SWIFT_OPTIMIZATION_LEVEL = "-O";
				VALIDATE_PRODUCT = YES;
			};
			name = Release;
		};
		9E59B81227B29DEC001A1697 /* Debug */ = {
			isa = XCBuildConfiguration;
			buildSettings = {
				ASSETCATALOG_COMPILER_APPICON_NAME = AppIcon;
				ASSETCATALOG_COMPILER_GLOBAL_ACCENT_COLOR_NAME = AccentColor;
				CODE_SIGN_STYLE = Automatic;
				CURRENT_PROJECT_VERSION = 1;
				DEVELOPMENT_ASSET_PATHS = "\"Touchdown/Preview Content\"";
				DEVELOPMENT_TEAM = J7U54B96T9;
				ENABLE_PREVIEWS = YES;
				GENERATE_INFOPLIST_FILE = YES;
				INFOPLIST_FILE = Touchdown/Info.plist;
				INFOPLIST_KEY_UIApplicationSceneManifest_Generation = YES;
				INFOPLIST_KEY_UIApplicationSupportsIndirectInputEvents = YES;
				INFOPLIST_KEY_UISupportedInterfaceOrientations = UIInterfaceOrientationPortrait;
				INFOPLIST_KEY_UISupportedInterfaceOrientations_iPad = "UIInterfaceOrientationPortrait UIInterfaceOrientationPortraitUpsideDown UIInterfaceOrientationLandscapeLeft UIInterfaceOrientationLandscapeRight";
				INFOPLIST_KEY_UISupportedInterfaceOrientations_iPhone = "UIInterfaceOrientationPortrait UIInterfaceOrientationLandscapeLeft UIInterfaceOrientationLandscapeRight";
				INFOPLIST_KEY_UIUserInterfaceStyle = Light;
				LD_RUNPATH_SEARCH_PATHS = (
					"$(inherited)",
					"@executable_path/Frameworks",
				);
				MARKETING_VERSION = 1.0;
				PRODUCT_BUNDLE_IDENTIFIER = com.stevebrundage.Touchdown;
				PRODUCT_NAME = "$(TARGET_NAME)";
				SWIFT_EMIT_LOC_STRINGS = YES;
				SWIFT_VERSION = 5.0;
				TARGETED_DEVICE_FAMILY = "1,2";
			};
			name = Debug;
		};
		9E59B81327B29DEC001A1697 /* Release */ = {
			isa = XCBuildConfiguration;
			buildSettings = {
				ASSETCATALOG_COMPILER_APPICON_NAME = AppIcon;
				ASSETCATALOG_COMPILER_GLOBAL_ACCENT_COLOR_NAME = AccentColor;
				CODE_SIGN_STYLE = Automatic;
				CURRENT_PROJECT_VERSION = 1;
				DEVELOPMENT_ASSET_PATHS = "\"Touchdown/Preview Content\"";
				DEVELOPMENT_TEAM = J7U54B96T9;
				ENABLE_PREVIEWS = YES;
				GENERATE_INFOPLIST_FILE = YES;
				INFOPLIST_FILE = Touchdown/Info.plist;
				INFOPLIST_KEY_UIApplicationSceneManifest_Generation = YES;
				INFOPLIST_KEY_UIApplicationSupportsIndirectInputEvents = YES;
				INFOPLIST_KEY_UISupportedInterfaceOrientations = UIInterfaceOrientationPortrait;
				INFOPLIST_KEY_UISupportedInterfaceOrientations_iPad = "UIInterfaceOrientationPortrait UIInterfaceOrientationPortraitUpsideDown UIInterfaceOrientationLandscapeLeft UIInterfaceOrientationLandscapeRight";
				INFOPLIST_KEY_UISupportedInterfaceOrientations_iPhone = "UIInterfaceOrientationPortrait UIInterfaceOrientationLandscapeLeft UIInterfaceOrientationLandscapeRight";
				INFOPLIST_KEY_UIUserInterfaceStyle = Light;
				LD_RUNPATH_SEARCH_PATHS = (
					"$(inherited)",
					"@executable_path/Frameworks",
				);
				MARKETING_VERSION = 1.0;
				PRODUCT_BUNDLE_IDENTIFIER = com.stevebrundage.Touchdown;
				PRODUCT_NAME = "$(TARGET_NAME)";
				SWIFT_EMIT_LOC_STRINGS = YES;
				SWIFT_VERSION = 5.0;
				TARGETED_DEVICE_FAMILY = "1,2";
			};
			name = Release;
		};
/* End XCBuildConfiguration section */

/* Begin XCConfigurationList section */
		9E59B7FE27B29DE7001A1697 /* Build configuration list for PBXProject "Touchdown" */ = {
			isa = XCConfigurationList;
			buildConfigurations = (
				9E59B80F27B29DEC001A1697 /* Debug */,
				9E59B81027B29DEC001A1697 /* Release */,
			);
			defaultConfigurationIsVisible = 0;
			defaultConfigurationName = Release;
		};
		9E59B81127B29DEC001A1697 /* Build configuration list for PBXNativeTarget "Touchdown" */ = {
			isa = XCConfigurationList;
			buildConfigurations = (
				9E59B81227B29DEC001A1697 /* Debug */,
				9E59B81327B29DEC001A1697 /* Release */,
			);
			defaultConfigurationIsVisible = 0;
			defaultConfigurationName = Release;
		};
/* End XCConfigurationList section */
	};
	rootObject = 9E59B7FB27B29DE7001A1697 /* Project object */;
}
